// !$*UTF8*$!
{
	archiveVersion = 1;
	classes = {
	};
	objectVersion = 46;
	objects = {

/* Begin PBXBuildFile section */
		6514C2CB1DECE9FE00681374 /* Twist.framework in Frameworks */ = {isa = PBXBuildFile; fileRef = 6514C2C11DECE9FE00681374 /* Twist.framework */; };
		6514C2D01DECE9FE00681374 /* TwistTests.swift in Sources */ = {isa = PBXBuildFile; fileRef = 6514C2CF1DECE9FE00681374 /* TwistTests.swift */; };
		6514C2DC1DECEA4300681374 /* UIView.swift in Sources */ = {isa = PBXBuildFile; fileRef = 6514C2DB1DECEA4300681374 /* UIView.swift */; };
		6514C2E41DECEC4200681374 /* AppDelegate.swift in Sources */ = {isa = PBXBuildFile; fileRef = 6514C2E31DECEC4200681374 /* AppDelegate.swift */; };
		6514C2E61DECEC4200681374 /* ViewController.swift in Sources */ = {isa = PBXBuildFile; fileRef = 6514C2E51DECEC4200681374 /* ViewController.swift */; };
		6514C2E91DECEC4200681374 /* Main.storyboard in Resources */ = {isa = PBXBuildFile; fileRef = 6514C2E71DECEC4200681374 /* Main.storyboard */; };
		6514C2EB1DECEC4200681374 /* Assets.xcassets in Resources */ = {isa = PBXBuildFile; fileRef = 6514C2EA1DECEC4200681374 /* Assets.xcassets */; };
		6514C2EE1DECEC4200681374 /* LaunchScreen.storyboard in Resources */ = {isa = PBXBuildFile; fileRef = 6514C2EC1DECEC4200681374 /* LaunchScreen.storyboard */; };
		65F621811DF0DCB1000F7846 /* Boilerplate.framework in Frameworks */ = {isa = PBXBuildFile; fileRef = 65F6217B1DF0DCB1000F7846 /* Boilerplate.framework */; };
		65F621821DF0DCB1000F7846 /* Event.framework in Frameworks */ = {isa = PBXBuildFile; fileRef = 65F6217C1DF0DCB1000F7846 /* Event.framework */; };
		65F621831DF0DCB1000F7846 /* ExecutionContext.framework in Frameworks */ = {isa = PBXBuildFile; fileRef = 65F6217D1DF0DCB1000F7846 /* ExecutionContext.framework */; };
		65F621841DF0DCB1000F7846 /* Future.framework in Frameworks */ = {isa = PBXBuildFile; fileRef = 65F6217E1DF0DCB1000F7846 /* Future.framework */; };
		65F621851DF0DCB1000F7846 /* Result.framework in Frameworks */ = {isa = PBXBuildFile; fileRef = 65F6217F1DF0DCB1000F7846 /* Result.framework */; };
		65F621861DF0DCB1000F7846 /* RunLoop.framework in Frameworks */ = {isa = PBXBuildFile; fileRef = 65F621801DF0DCB1000F7846 /* RunLoop.framework */; };
		65F621871DF0DCD6000F7846 /* Boilerplate.framework in Embed Frameworks */ = {isa = PBXBuildFile; fileRef = 65F6217B1DF0DCB1000F7846 /* Boilerplate.framework */; settings = {ATTRIBUTES = (CodeSignOnCopy, RemoveHeadersOnCopy, ); }; };
		65F621881DF0DCD6000F7846 /* Event.framework in Embed Frameworks */ = {isa = PBXBuildFile; fileRef = 65F6217C1DF0DCB1000F7846 /* Event.framework */; settings = {ATTRIBUTES = (CodeSignOnCopy, RemoveHeadersOnCopy, ); }; };
		65F621891DF0DCD6000F7846 /* ExecutionContext.framework in Embed Frameworks */ = {isa = PBXBuildFile; fileRef = 65F6217D1DF0DCB1000F7846 /* ExecutionContext.framework */; settings = {ATTRIBUTES = (CodeSignOnCopy, RemoveHeadersOnCopy, ); }; };
		65F6218A1DF0DCD6000F7846 /* Future.framework in Embed Frameworks */ = {isa = PBXBuildFile; fileRef = 65F6217E1DF0DCB1000F7846 /* Future.framework */; settings = {ATTRIBUTES = (CodeSignOnCopy, RemoveHeadersOnCopy, ); }; };
		65F6218B1DF0DCD6000F7846 /* Result.framework in Embed Frameworks */ = {isa = PBXBuildFile; fileRef = 65F6217F1DF0DCB1000F7846 /* Result.framework */; settings = {ATTRIBUTES = (CodeSignOnCopy, RemoveHeadersOnCopy, ); }; };
		65F6218C1DF0DCD6000F7846 /* RunLoop.framework in Embed Frameworks */ = {isa = PBXBuildFile; fileRef = 65F621801DF0DCB1000F7846 /* RunLoop.framework */; settings = {ATTRIBUTES = (CodeSignOnCopy, RemoveHeadersOnCopy, ); }; };
		65F621901DF0DDD3000F7846 /* UIControl.swift in Sources */ = {isa = PBXBuildFile; fileRef = 65F6218F1DF0DDD3000F7846 /* UIControl.swift */; };
		65F621921DF0E7DE000F7846 /* UITextField.swift in Sources */ = {isa = PBXBuildFile; fileRef = 65F621911DF0E7DE000F7846 /* UITextField.swift */; };
		65F621941DF0E8F2000F7846 /* NSNotificationCenter.swift in Sources */ = {isa = PBXBuildFile; fileRef = 65F621931DF0E8F2000F7846 /* NSNotificationCenter.swift */; };
		65F621961DF0EA12000F7846 /* UIButton.swift in Sources */ = {isa = PBXBuildFile; fileRef = 65F621951DF0EA12000F7846 /* UIButton.swift */; };
		65F621981DF0EA6A000F7846 /* UISlider.swift in Sources */ = {isa = PBXBuildFile; fileRef = 65F621971DF0EA6A000F7846 /* UISlider.swift */; };
		65F6219A1DF0ED7D000F7846 /* NSObjectProperties.swift in Sources */ = {isa = PBXBuildFile; fileRef = 65F621991DF0ED7D000F7846 /* NSObjectProperties.swift */; };
		65F6219C1DF0EE67000F7846 /* Observable.swift in Sources */ = {isa = PBXBuildFile; fileRef = 65F6219B1DF0EE67000F7846 /* Observable.swift */; };
		65F6219E1DF0F15F000F7846 /* PropertyDescriptor.swift in Sources */ = {isa = PBXBuildFile; fileRef = 65F6219D1DF0F15F000F7846 /* PropertyDescriptor.swift */; };
		65F621A01DF0F35C000F7846 /* ObservableSignals.swift in Sources */ = {isa = PBXBuildFile; fileRef = 65F6219F1DF0F35C000F7846 /* ObservableSignals.swift */; };
		65F621A61DF0F8CB000F7846 /* Boilerplate.framework in Frameworks */ = {isa = PBXBuildFile; fileRef = 65F6217B1DF0DCB1000F7846 /* Boilerplate.framework */; };
		65F621A71DF0F8CB000F7846 /* Event.framework in Frameworks */ = {isa = PBXBuildFile; fileRef = 65F6217C1DF0DCB1000F7846 /* Event.framework */; };
		65F621A81DF0F8CB000F7846 /* ExecutionContext.framework in Frameworks */ = {isa = PBXBuildFile; fileRef = 65F6217D1DF0DCB1000F7846 /* ExecutionContext.framework */; };
		65F621A91DF0F8CB000F7846 /* Future.framework in Frameworks */ = {isa = PBXBuildFile; fileRef = 65F6217E1DF0DCB1000F7846 /* Future.framework */; };
		65F621AA1DF0F8CB000F7846 /* Result.framework in Frameworks */ = {isa = PBXBuildFile; fileRef = 65F6217F1DF0DCB1000F7846 /* Result.framework */; };
		65F621AB1DF0F8CB000F7846 /* RunLoop.framework in Frameworks */ = {isa = PBXBuildFile; fileRef = 65F621801DF0DCB1000F7846 /* RunLoop.framework */; };
		920354861DEDACC900A16573 /* Twist.framework in Frameworks */ = {isa = PBXBuildFile; fileRef = 6514C2C11DECE9FE00681374 /* Twist.framework */; };
		920354871DEDACC900A16573 /* Twist.framework in Embed Frameworks */ = {isa = PBXBuildFile; fileRef = 6514C2C11DECE9FE00681374 /* Twist.framework */; settings = {ATTRIBUTES = (CodeSignOnCopy, RemoveHeadersOnCopy, ); }; };
/* End PBXBuildFile section */

/* Begin PBXContainerItemProxy section */
		6514C2CC1DECE9FE00681374 /* PBXContainerItemProxy */ = {
			isa = PBXContainerItemProxy;
			containerPortal = 6514C2B81DECE9FE00681374 /* Project object */;
			proxyType = 1;
			remoteGlobalIDString = 6514C2C01DECE9FE00681374;
			remoteInfo = Twist;
		};
		920354881DEDACC900A16573 /* PBXContainerItemProxy */ = {
			isa = PBXContainerItemProxy;
			containerPortal = 6514C2B81DECE9FE00681374 /* Project object */;
			proxyType = 1;
			remoteGlobalIDString = 6514C2C01DECE9FE00681374;
			remoteInfo = Twist;
		};
/* End PBXContainerItemProxy section */

/* Begin PBXCopyFilesBuildPhase section */
		9203548A1DEDACC900A16573 /* Embed Frameworks */ = {
			isa = PBXCopyFilesBuildPhase;
			buildActionMask = 2147483647;
			dstPath = "";
			dstSubfolderSpec = 10;
			files = (
				920354871DEDACC900A16573 /* Twist.framework in Embed Frameworks */,
				65F621871DF0DCD6000F7846 /* Boilerplate.framework in Embed Frameworks */,
				65F621881DF0DCD6000F7846 /* Event.framework in Embed Frameworks */,
				65F621891DF0DCD6000F7846 /* ExecutionContext.framework in Embed Frameworks */,
				65F6218A1DF0DCD6000F7846 /* Future.framework in Embed Frameworks */,
				65F6218B1DF0DCD6000F7846 /* Result.framework in Embed Frameworks */,
				65F6218C1DF0DCD6000F7846 /* RunLoop.framework in Embed Frameworks */,
			);
			name = "Embed Frameworks";
			runOnlyForDeploymentPostprocessing = 0;
		};
/* End PBXCopyFilesBuildPhase section */

/* Begin PBXFileReference section */
		6514C2C11DECE9FE00681374 /* Twist.framework */ = {isa = PBXFileReference; explicitFileType = wrapper.framework; includeInIndex = 0; path = Twist.framework; sourceTree = BUILT_PRODUCTS_DIR; };
		6514C2C51DECE9FE00681374 /* Info.plist */ = {isa = PBXFileReference; lastKnownFileType = text.plist.xml; path = Info.plist; sourceTree = "<group>"; };
		6514C2CA1DECE9FE00681374 /* TwistTests-iOS.xctest */ = {isa = PBXFileReference; explicitFileType = wrapper.cfbundle; includeInIndex = 0; path = "TwistTests-iOS.xctest"; sourceTree = BUILT_PRODUCTS_DIR; };
		6514C2CF1DECE9FE00681374 /* TwistTests.swift */ = {isa = PBXFileReference; lastKnownFileType = sourcecode.swift; path = TwistTests.swift; sourceTree = "<group>"; };
		6514C2D11DECE9FE00681374 /* Info.plist */ = {isa = PBXFileReference; lastKnownFileType = text.plist.xml; path = Info.plist; sourceTree = "<group>"; };
		6514C2DB1DECEA4300681374 /* UIView.swift */ = {isa = PBXFileReference; fileEncoding = 4; lastKnownFileType = sourcecode.swift; path = UIView.swift; sourceTree = "<group>"; };
		6514C2E11DECEC4200681374 /* TwistExample-iOS.app */ = {isa = PBXFileReference; explicitFileType = wrapper.application; includeInIndex = 0; path = "TwistExample-iOS.app"; sourceTree = BUILT_PRODUCTS_DIR; };
		6514C2E31DECEC4200681374 /* AppDelegate.swift */ = {isa = PBXFileReference; lastKnownFileType = sourcecode.swift; path = AppDelegate.swift; sourceTree = "<group>"; };
		6514C2E51DECEC4200681374 /* ViewController.swift */ = {isa = PBXFileReference; lastKnownFileType = sourcecode.swift; path = ViewController.swift; sourceTree = "<group>"; };
		6514C2E81DECEC4200681374 /* Base */ = {isa = PBXFileReference; lastKnownFileType = file.storyboard; name = Base; path = Base.lproj/Main.storyboard; sourceTree = "<group>"; };
		6514C2EA1DECEC4200681374 /* Assets.xcassets */ = {isa = PBXFileReference; lastKnownFileType = folder.assetcatalog; path = Assets.xcassets; sourceTree = "<group>"; };
		6514C2ED1DECEC4200681374 /* Base */ = {isa = PBXFileReference; lastKnownFileType = file.storyboard; name = Base; path = Base.lproj/LaunchScreen.storyboard; sourceTree = "<group>"; };
		6514C2EF1DECEC4200681374 /* Info.plist */ = {isa = PBXFileReference; lastKnownFileType = text.plist.xml; path = Info.plist; sourceTree = "<group>"; };
		65F6217B1DF0DCB1000F7846 /* Boilerplate.framework */ = {isa = PBXFileReference; lastKnownFileType = wrapper.framework; name = Boilerplate.framework; path = Carthage/Build/iOS/Boilerplate.framework; sourceTree = "<group>"; };
		65F6217C1DF0DCB1000F7846 /* Event.framework */ = {isa = PBXFileReference; lastKnownFileType = wrapper.framework; name = Event.framework; path = Carthage/Build/iOS/Event.framework; sourceTree = "<group>"; };
		65F6217D1DF0DCB1000F7846 /* ExecutionContext.framework */ = {isa = PBXFileReference; lastKnownFileType = wrapper.framework; name = ExecutionContext.framework; path = Carthage/Build/iOS/ExecutionContext.framework; sourceTree = "<group>"; };
		65F6217E1DF0DCB1000F7846 /* Future.framework */ = {isa = PBXFileReference; lastKnownFileType = wrapper.framework; name = Future.framework; path = Carthage/Build/iOS/Future.framework; sourceTree = "<group>"; };
		65F6217F1DF0DCB1000F7846 /* Result.framework */ = {isa = PBXFileReference; lastKnownFileType = wrapper.framework; name = Result.framework; path = Carthage/Build/iOS/Result.framework; sourceTree = "<group>"; };
		65F621801DF0DCB1000F7846 /* RunLoop.framework */ = {isa = PBXFileReference; lastKnownFileType = wrapper.framework; name = RunLoop.framework; path = Carthage/Build/iOS/RunLoop.framework; sourceTree = "<group>"; };
		65F6218F1DF0DDD3000F7846 /* UIControl.swift */ = {isa = PBXFileReference; fileEncoding = 4; lastKnownFileType = sourcecode.swift; path = UIControl.swift; sourceTree = "<group>"; };
		65F621911DF0E7DE000F7846 /* UITextField.swift */ = {isa = PBXFileReference; fileEncoding = 4; lastKnownFileType = sourcecode.swift; path = UITextField.swift; sourceTree = "<group>"; };
		65F621931DF0E8F2000F7846 /* NSNotificationCenter.swift */ = {isa = PBXFileReference; fileEncoding = 4; lastKnownFileType = sourcecode.swift; path = NSNotificationCenter.swift; sourceTree = "<group>"; };
		65F621951DF0EA12000F7846 /* UIButton.swift */ = {isa = PBXFileReference; fileEncoding = 4; lastKnownFileType = sourcecode.swift; path = UIButton.swift; sourceTree = "<group>"; };
		65F621971DF0EA6A000F7846 /* UISlider.swift */ = {isa = PBXFileReference; fileEncoding = 4; lastKnownFileType = sourcecode.swift; path = UISlider.swift; sourceTree = "<group>"; };
		65F621991DF0ED7D000F7846 /* NSObjectProperties.swift */ = {isa = PBXFileReference; fileEncoding = 4; lastKnownFileType = sourcecode.swift; path = NSObjectProperties.swift; sourceTree = "<group>"; };
		65F6219B1DF0EE67000F7846 /* Observable.swift */ = {isa = PBXFileReference; fileEncoding = 4; lastKnownFileType = sourcecode.swift; path = Observable.swift; sourceTree = "<group>"; };
		65F6219D1DF0F15F000F7846 /* PropertyDescriptor.swift */ = {isa = PBXFileReference; fileEncoding = 4; lastKnownFileType = sourcecode.swift; path = PropertyDescriptor.swift; sourceTree = "<group>"; };
		65F6219F1DF0F35C000F7846 /* ObservableSignals.swift */ = {isa = PBXFileReference; fileEncoding = 4; lastKnownFileType = sourcecode.swift; path = ObservableSignals.swift; sourceTree = "<group>"; };
/* End PBXFileReference section */

/* Begin PBXFrameworksBuildPhase section */
		6514C2BD1DECE9FE00681374 /* Frameworks */ = {
			isa = PBXFrameworksBuildPhase;
			buildActionMask = 2147483647;
			files = (
				65F621811DF0DCB1000F7846 /* Boilerplate.framework in Frameworks */,
				65F621821DF0DCB1000F7846 /* Event.framework in Frameworks */,
				65F621831DF0DCB1000F7846 /* ExecutionContext.framework in Frameworks */,
				65F621841DF0DCB1000F7846 /* Future.framework in Frameworks */,
				65F621851DF0DCB1000F7846 /* Result.framework in Frameworks */,
				65F621861DF0DCB1000F7846 /* RunLoop.framework in Frameworks */,
			);
			runOnlyForDeploymentPostprocessing = 0;
		};
		6514C2C71DECE9FE00681374 /* Frameworks */ = {
			isa = PBXFrameworksBuildPhase;
			buildActionMask = 2147483647;
			files = (
				6514C2CB1DECE9FE00681374 /* Twist.framework in Frameworks */,
			);
			runOnlyForDeploymentPostprocessing = 0;
		};
		6514C2DE1DECEC4200681374 /* Frameworks */ = {
			isa = PBXFrameworksBuildPhase;
			buildActionMask = 2147483647;
			files = (
				920354861DEDACC900A16573 /* Twist.framework in Frameworks */,
				65F621A61DF0F8CB000F7846 /* Boilerplate.framework in Frameworks */,
				65F621A71DF0F8CB000F7846 /* Event.framework in Frameworks */,
				65F621A81DF0F8CB000F7846 /* ExecutionContext.framework in Frameworks */,
				65F621A91DF0F8CB000F7846 /* Future.framework in Frameworks */,
				65F621AA1DF0F8CB000F7846 /* Result.framework in Frameworks */,
				65F621AB1DF0F8CB000F7846 /* RunLoop.framework in Frameworks */,
			);
			runOnlyForDeploymentPostprocessing = 0;
		};
/* End PBXFrameworksBuildPhase section */

/* Begin PBXGroup section */
		6514C2B71DECE9FE00681374 = {
			isa = PBXGroup;
			children = (
				9203547E1DEDAC1F00A16573 /* Sources */,
				9203547F1DEDAC2400A16573 /* Tests */,
				6514C2E21DECEC4200681374 /* TwistExample */,
				6514C2C21DECE9FE00681374 /* Products */,
				65F6217A1DF0DCB1000F7846 /* Frameworks */,
			);
			sourceTree = "<group>";
		};
		6514C2C21DECE9FE00681374 /* Products */ = {
			isa = PBXGroup;
			children = (
				6514C2C11DECE9FE00681374 /* Twist.framework */,
				6514C2CA1DECE9FE00681374 /* TwistTests-iOS.xctest */,
				6514C2E11DECEC4200681374 /* TwistExample-iOS.app */,
			);
			name = Products;
			sourceTree = "<group>";
		};
		6514C2C31DECE9FE00681374 /* Twist */ = {
			isa = PBXGroup;
			children = (
				6514C2C51DECE9FE00681374 /* Info.plist */,
				65F621931DF0E8F2000F7846 /* NSNotificationCenter.swift */,
				65F621991DF0ED7D000F7846 /* NSObjectProperties.swift */,
				65F6219D1DF0F15F000F7846 /* PropertyDescriptor.swift */,
				6514C2DB1DECEA4300681374 /* UIView.swift */,
				65F6218F1DF0DDD3000F7846 /* UIControl.swift */,
				65F621911DF0E7DE000F7846 /* UITextField.swift */,
				65F621951DF0EA12000F7846 /* UIButton.swift */,
				65F621971DF0EA6A000F7846 /* UISlider.swift */,
				65F6219B1DF0EE67000F7846 /* Observable.swift */,
				65F6219F1DF0F35C000F7846 /* ObservableSignals.swift */,
			);
			path = Twist;
			sourceTree = "<group>";
		};
		6514C2CE1DECE9FE00681374 /* TwistTests */ = {
			isa = PBXGroup;
			children = (
				6514C2CF1DECE9FE00681374 /* TwistTests.swift */,
				6514C2D11DECE9FE00681374 /* Info.plist */,
			);
			path = TwistTests;
			sourceTree = "<group>";
		};
		6514C2E21DECEC4200681374 /* TwistExample */ = {
			isa = PBXGroup;
			children = (
				6514C2E31DECEC4200681374 /* AppDelegate.swift */,
				6514C2E51DECEC4200681374 /* ViewController.swift */,
				6514C2E71DECEC4200681374 /* Main.storyboard */,
				6514C2EA1DECEC4200681374 /* Assets.xcassets */,
				6514C2EC1DECEC4200681374 /* LaunchScreen.storyboard */,
				6514C2EF1DECEC4200681374 /* Info.plist */,
			);
			path = TwistExample;
			sourceTree = "<group>";
		};
		65F6217A1DF0DCB1000F7846 /* Frameworks */ = {
			isa = PBXGroup;
			children = (
				65F6217B1DF0DCB1000F7846 /* Boilerplate.framework */,
				65F6217C1DF0DCB1000F7846 /* Event.framework */,
				65F6217D1DF0DCB1000F7846 /* ExecutionContext.framework */,
				65F6217E1DF0DCB1000F7846 /* Future.framework */,
				65F6217F1DF0DCB1000F7846 /* Result.framework */,
				65F621801DF0DCB1000F7846 /* RunLoop.framework */,
			);
			name = Frameworks;
			sourceTree = "<group>";
		};
		9203547E1DEDAC1F00A16573 /* Sources */ = {
			isa = PBXGroup;
			children = (
				6514C2C31DECE9FE00681374 /* Twist */,
			);
			path = Sources;
			sourceTree = "<group>";
		};
		9203547F1DEDAC2400A16573 /* Tests */ = {
			isa = PBXGroup;
			children = (
				6514C2CE1DECE9FE00681374 /* TwistTests */,
			);
			path = Tests;
			sourceTree = "<group>";
		};
/* End PBXGroup section */

/* Begin PBXHeadersBuildPhase section */
		6514C2BE1DECE9FE00681374 /* Headers */ = {
			isa = PBXHeadersBuildPhase;
			buildActionMask = 2147483647;
			files = (
			);
			runOnlyForDeploymentPostprocessing = 0;
		};
/* End PBXHeadersBuildPhase section */

/* Begin PBXNativeTarget section */
		6514C2C01DECE9FE00681374 /* Twist-iOS */ = {
			isa = PBXNativeTarget;
			buildConfigurationList = 6514C2D51DECE9FE00681374 /* Build configuration list for PBXNativeTarget "Twist-iOS" */;
			buildPhases = (
				6514C2BC1DECE9FE00681374 /* Sources */,
				6514C2BD1DECE9FE00681374 /* Frameworks */,
				6514C2BE1DECE9FE00681374 /* Headers */,
				6514C2BF1DECE9FE00681374 /* Resources */,
			);
			buildRules = (
			);
			dependencies = (
			);
			name = "Twist-iOS";
			productName = Twist;
			productReference = 6514C2C11DECE9FE00681374 /* Twist.framework */;
			productType = "com.apple.product-type.framework";
		};
		6514C2C91DECE9FE00681374 /* TwistTests-iOS */ = {
			isa = PBXNativeTarget;
			buildConfigurationList = 6514C2D81DECE9FE00681374 /* Build configuration list for PBXNativeTarget "TwistTests-iOS" */;
			buildPhases = (
				6514C2C61DECE9FE00681374 /* Sources */,
				6514C2C71DECE9FE00681374 /* Frameworks */,
				6514C2C81DECE9FE00681374 /* Resources */,
			);
			buildRules = (
			);
			dependencies = (
				6514C2CD1DECE9FE00681374 /* PBXTargetDependency */,
			);
			name = "TwistTests-iOS";
			productName = TwistTests;
			productReference = 6514C2CA1DECE9FE00681374 /* TwistTests-iOS.xctest */;
			productType = "com.apple.product-type.bundle.unit-test";
		};
		6514C2E01DECEC4200681374 /* TwistExample-iOS */ = {
			isa = PBXNativeTarget;
			buildConfigurationList = 6514C2F01DECEC4200681374 /* Build configuration list for PBXNativeTarget "TwistExample-iOS" */;
			buildPhases = (
				6514C2DD1DECEC4200681374 /* Sources */,
				6514C2DE1DECEC4200681374 /* Frameworks */,
				6514C2DF1DECEC4200681374 /* Resources */,
				9203548A1DEDACC900A16573 /* Embed Frameworks */,
			);
			buildRules = (
			);
			dependencies = (
				920354891DEDACC900A16573 /* PBXTargetDependency */,
			);
			name = "TwistExample-iOS";
			productName = TwistExample;
			productReference = 6514C2E11DECEC4200681374 /* TwistExample-iOS.app */;
			productType = "com.apple.product-type.application";
		};
/* End PBXNativeTarget section */

/* Begin PBXProject section */
		6514C2B81DECE9FE00681374 /* Project object */ = {
			isa = PBXProject;
			attributes = {
				LastSwiftUpdateCheck = 0800;
				LastUpgradeCheck = 0820;
				ORGANIZATIONNAME = "Crossroad Labs s.r.o.";
				TargetAttributes = {
					6514C2C01DECE9FE00681374 = {
						CreatedOnToolsVersion = 8.0;
						LastSwiftMigration = 0800;
						ProvisioningStyle = Automatic;
					};
					6514C2C91DECE9FE00681374 = {
						CreatedOnToolsVersion = 8.0;
						ProvisioningStyle = Automatic;
					};
					6514C2E01DECEC4200681374 = {
						CreatedOnToolsVersion = 8.0;
						ProvisioningStyle = Automatic;
					};
				};
			};
			buildConfigurationList = 6514C2BB1DECE9FE00681374 /* Build configuration list for PBXProject "Twist" */;
			compatibilityVersion = "Xcode 3.2";
			developmentRegion = English;
			hasScannedForEncodings = 0;
			knownRegions = (
				en,
				Base,
			);
			mainGroup = 6514C2B71DECE9FE00681374;
			productRefGroup = 6514C2C21DECE9FE00681374 /* Products */;
			projectDirPath = "";
			projectRoot = "";
			targets = (
				6514C2C01DECE9FE00681374 /* Twist-iOS */,
				6514C2C91DECE9FE00681374 /* TwistTests-iOS */,
				6514C2E01DECEC4200681374 /* TwistExample-iOS */,
			);
		};
/* End PBXProject section */

/* Begin PBXResourcesBuildPhase section */
		6514C2BF1DECE9FE00681374 /* Resources */ = {
			isa = PBXResourcesBuildPhase;
			buildActionMask = 2147483647;
			files = (
			);
			runOnlyForDeploymentPostprocessing = 0;
		};
		6514C2C81DECE9FE00681374 /* Resources */ = {
			isa = PBXResourcesBuildPhase;
			buildActionMask = 2147483647;
			files = (
			);
			runOnlyForDeploymentPostprocessing = 0;
		};
		6514C2DF1DECEC4200681374 /* Resources */ = {
			isa = PBXResourcesBuildPhase;
			buildActionMask = 2147483647;
			files = (
				6514C2EE1DECEC4200681374 /* LaunchScreen.storyboard in Resources */,
				6514C2EB1DECEC4200681374 /* Assets.xcassets in Resources */,
				6514C2E91DECEC4200681374 /* Main.storyboard in Resources */,
			);
			runOnlyForDeploymentPostprocessing = 0;
		};
/* End PBXResourcesBuildPhase section */

/* Begin PBXSourcesBuildPhase section */
		6514C2BC1DECE9FE00681374 /* Sources */ = {
			isa = PBXSourcesBuildPhase;
			buildActionMask = 2147483647;
			files = (
				65F621A01DF0F35C000F7846 /* ObservableSignals.swift in Sources */,
				65F6219E1DF0F15F000F7846 /* PropertyDescriptor.swift in Sources */,
				65F6219C1DF0EE67000F7846 /* Observable.swift in Sources */,
				65F6219A1DF0ED7D000F7846 /* NSObjectProperties.swift in Sources */,
				65F621981DF0EA6A000F7846 /* UISlider.swift in Sources */,
				65F621961DF0EA12000F7846 /* UIButton.swift in Sources */,
				6514C2DC1DECEA4300681374 /* UIView.swift in Sources */,
				65F621901DF0DDD3000F7846 /* UIControl.swift in Sources */,
				65F621941DF0E8F2000F7846 /* NSNotificationCenter.swift in Sources */,
				65F621921DF0E7DE000F7846 /* UITextField.swift in Sources */,
			);
			runOnlyForDeploymentPostprocessing = 0;
		};
		6514C2C61DECE9FE00681374 /* Sources */ = {
			isa = PBXSourcesBuildPhase;
			buildActionMask = 2147483647;
			files = (
				6514C2D01DECE9FE00681374 /* TwistTests.swift in Sources */,
			);
			runOnlyForDeploymentPostprocessing = 0;
		};
		6514C2DD1DECEC4200681374 /* Sources */ = {
			isa = PBXSourcesBuildPhase;
			buildActionMask = 2147483647;
			files = (
				6514C2E61DECEC4200681374 /* ViewController.swift in Sources */,
				6514C2E41DECEC4200681374 /* AppDelegate.swift in Sources */,
			);
			runOnlyForDeploymentPostprocessing = 0;
		};
/* End PBXSourcesBuildPhase section */

/* Begin PBXTargetDependency section */
		6514C2CD1DECE9FE00681374 /* PBXTargetDependency */ = {
			isa = PBXTargetDependency;
			target = 6514C2C01DECE9FE00681374 /* Twist-iOS */;
			targetProxy = 6514C2CC1DECE9FE00681374 /* PBXContainerItemProxy */;
		};
		920354891DEDACC900A16573 /* PBXTargetDependency */ = {
			isa = PBXTargetDependency;
			target = 6514C2C01DECE9FE00681374 /* Twist-iOS */;
			targetProxy = 920354881DEDACC900A16573 /* PBXContainerItemProxy */;
		};
/* End PBXTargetDependency section */

/* Begin PBXVariantGroup section */
		6514C2E71DECEC4200681374 /* Main.storyboard */ = {
			isa = PBXVariantGroup;
			children = (
				6514C2E81DECEC4200681374 /* Base */,
			);
			name = Main.storyboard;
			sourceTree = "<group>";
		};
		6514C2EC1DECEC4200681374 /* LaunchScreen.storyboard */ = {
			isa = PBXVariantGroup;
			children = (
				6514C2ED1DECEC4200681374 /* Base */,
			);
			name = LaunchScreen.storyboard;
			sourceTree = "<group>";
		};
/* End PBXVariantGroup section */

/* Begin XCBuildConfiguration section */
		6514C2D31DECE9FE00681374 /* Debug */ = {
			isa = XCBuildConfiguration;
			buildSettings = {
				ALWAYS_SEARCH_USER_PATHS = NO;
				CLANG_ANALYZER_NONNULL = YES;
				CLANG_CXX_LANGUAGE_STANDARD = "gnu++0x";
				CLANG_CXX_LIBRARY = "libc++";
				CLANG_ENABLE_MODULES = YES;
				CLANG_ENABLE_OBJC_ARC = YES;
				CLANG_WARN_BOOL_CONVERSION = YES;
				CLANG_WARN_CONSTANT_CONVERSION = YES;
				CLANG_WARN_DIRECT_OBJC_ISA_USAGE = YES_ERROR;
				CLANG_WARN_DOCUMENTATION_COMMENTS = YES;
				CLANG_WARN_EMPTY_BODY = YES;
				CLANG_WARN_ENUM_CONVERSION = YES;
				CLANG_WARN_INFINITE_RECURSION = YES;
				CLANG_WARN_INT_CONVERSION = YES;
				CLANG_WARN_OBJC_ROOT_CLASS = YES_ERROR;
				CLANG_WARN_SUSPICIOUS_MOVE = YES;
				CLANG_WARN_SUSPICIOUS_MOVES = YES;
				CLANG_WARN_UNREACHABLE_CODE = YES;
				CLANG_WARN__DUPLICATE_METHOD_MATCH = YES;
				"CODE_SIGN_IDENTITY[sdk=iphoneos*]" = "iPhone Developer";
				COPY_PHASE_STRIP = NO;
				CURRENT_PROJECT_VERSION = 1;
				DEBUG_INFORMATION_FORMAT = dwarf;
				ENABLE_STRICT_OBJC_MSGSEND = YES;
				ENABLE_TESTABILITY = YES;
				GCC_C_LANGUAGE_STANDARD = gnu99;
				GCC_DYNAMIC_NO_PIC = NO;
				GCC_NO_COMMON_BLOCKS = YES;
				GCC_OPTIMIZATION_LEVEL = 0;
				GCC_PREPROCESSOR_DEFINITIONS = (
					"DEBUG=1",
					"$(inherited)",
				);
				GCC_WARN_64_TO_32_BIT_CONVERSION = YES;
				GCC_WARN_ABOUT_RETURN_TYPE = YES_ERROR;
				GCC_WARN_UNDECLARED_SELECTOR = YES;
				GCC_WARN_UNINITIALIZED_AUTOS = YES_AGGRESSIVE;
				GCC_WARN_UNUSED_FUNCTION = YES;
				GCC_WARN_UNUSED_VARIABLE = YES;
				IPHONEOS_DEPLOYMENT_TARGET = 9.0;
				MTL_ENABLE_DEBUG_INFO = YES;
				ONLY_ACTIVE_ARCH = YES;
				SDKROOT = iphoneos;
				SWIFT_ACTIVE_COMPILATION_CONDITIONS = DEBUG;
				SWIFT_OPTIMIZATION_LEVEL = "-Onone";
				TARGETED_DEVICE_FAMILY = "1,2";
				VERSIONING_SYSTEM = "apple-generic";
				VERSION_INFO_PREFIX = "";
			};
			name = Debug;
		};
		6514C2D41DECE9FE00681374 /* Release */ = {
			isa = XCBuildConfiguration;
			buildSettings = {
				ALWAYS_SEARCH_USER_PATHS = NO;
				CLANG_ANALYZER_NONNULL = YES;
				CLANG_CXX_LANGUAGE_STANDARD = "gnu++0x";
				CLANG_CXX_LIBRARY = "libc++";
				CLANG_ENABLE_MODULES = YES;
				CLANG_ENABLE_OBJC_ARC = YES;
				CLANG_WARN_BOOL_CONVERSION = YES;
				CLANG_WARN_CONSTANT_CONVERSION = YES;
				CLANG_WARN_DIRECT_OBJC_ISA_USAGE = YES_ERROR;
				CLANG_WARN_DOCUMENTATION_COMMENTS = YES;
				CLANG_WARN_EMPTY_BODY = YES;
				CLANG_WARN_ENUM_CONVERSION = YES;
				CLANG_WARN_INFINITE_RECURSION = YES;
				CLANG_WARN_INT_CONVERSION = YES;
				CLANG_WARN_OBJC_ROOT_CLASS = YES_ERROR;
				CLANG_WARN_SUSPICIOUS_MOVE = YES;
				CLANG_WARN_SUSPICIOUS_MOVES = YES;
				CLANG_WARN_UNREACHABLE_CODE = YES;
				CLANG_WARN__DUPLICATE_METHOD_MATCH = YES;
				"CODE_SIGN_IDENTITY[sdk=iphoneos*]" = "iPhone Developer";
				COPY_PHASE_STRIP = NO;
				CURRENT_PROJECT_VERSION = 1;
				DEBUG_INFORMATION_FORMAT = "dwarf-with-dsym";
				ENABLE_NS_ASSERTIONS = NO;
				ENABLE_STRICT_OBJC_MSGSEND = YES;
				GCC_C_LANGUAGE_STANDARD = gnu99;
				GCC_NO_COMMON_BLOCKS = YES;
				GCC_WARN_64_TO_32_BIT_CONVERSION = YES;
				GCC_WARN_ABOUT_RETURN_TYPE = YES_ERROR;
				GCC_WARN_UNDECLARED_SELECTOR = YES;
				GCC_WARN_UNINITIALIZED_AUTOS = YES_AGGRESSIVE;
				GCC_WARN_UNUSED_FUNCTION = YES;
				GCC_WARN_UNUSED_VARIABLE = YES;
				IPHONEOS_DEPLOYMENT_TARGET = 9.0;
				MTL_ENABLE_DEBUG_INFO = NO;
				SDKROOT = iphoneos;
				SWIFT_OPTIMIZATION_LEVEL = "-Owholemodule";
				TARGETED_DEVICE_FAMILY = "1,2";
				VALIDATE_PRODUCT = YES;
				VERSIONING_SYSTEM = "apple-generic";
				VERSION_INFO_PREFIX = "";
			};
			name = Release;
		};
		6514C2D61DECE9FE00681374 /* Debug */ = {
			isa = XCBuildConfiguration;
			buildSettings = {
				CLANG_ENABLE_MODULES = YES;
				CODE_SIGN_IDENTITY = "";
				DEFINES_MODULE = YES;
				DYLIB_COMPATIBILITY_VERSION = 1;
				DYLIB_CURRENT_VERSION = 1;
				DYLIB_INSTALL_NAME_BASE = "@rpath";
				FRAMEWORK_SEARCH_PATHS = (
					"$(inherited)",
					"$(PROJECT_DIR)/Carthage/Build/iOS",
				);
				INFOPLIST_FILE = Sources/Twist/Info.plist;
				INSTALL_PATH = "$(LOCAL_LIBRARY_DIR)/Frameworks";
				LD_RUNPATH_SEARCH_PATHS = "$(inherited) @executable_path/Frameworks @loader_path/Frameworks";
				PRODUCT_BUNDLE_IDENTIFIER = xyz.crossroadlabs.Twist;
				PRODUCT_NAME = "$(PROJECT_NAME)";
				SKIP_INSTALL = YES;
				SWIFT_OPTIMIZATION_LEVEL = "-Onone";
				SWIFT_VERSION = 3.0;
			};
			name = Debug;
		};
		6514C2D71DECE9FE00681374 /* Release */ = {
			isa = XCBuildConfiguration;
			buildSettings = {
				CLANG_ENABLE_MODULES = YES;
				CODE_SIGN_IDENTITY = "";
				DEFINES_MODULE = YES;
				DYLIB_COMPATIBILITY_VERSION = 1;
				DYLIB_CURRENT_VERSION = 1;
				DYLIB_INSTALL_NAME_BASE = "@rpath";
				FRAMEWORK_SEARCH_PATHS = (
					"$(inherited)",
					"$(PROJECT_DIR)/Carthage/Build/iOS",
				);
				INFOPLIST_FILE = Sources/Twist/Info.plist;
				INSTALL_PATH = "$(LOCAL_LIBRARY_DIR)/Frameworks";
				LD_RUNPATH_SEARCH_PATHS = "$(inherited) @executable_path/Frameworks @loader_path/Frameworks";
				PRODUCT_BUNDLE_IDENTIFIER = xyz.crossroadlabs.Twist;
				PRODUCT_NAME = "$(PROJECT_NAME)";
				SKIP_INSTALL = YES;
				SWIFT_VERSION = 3.0;
			};
			name = Release;
		};
		6514C2D91DECE9FE00681374 /* Debug */ = {
			isa = XCBuildConfiguration;
			buildSettings = {
				ALWAYS_EMBED_SWIFT_STANDARD_LIBRARIES = YES;
				INFOPLIST_FILE = Tests/TwistTests/Info.plist;
				LD_RUNPATH_SEARCH_PATHS = "$(inherited) @executable_path/Frameworks @loader_path/Frameworks";
				PRODUCT_BUNDLE_IDENTIFIER = xyz.crossroadlabs.TwistTests;
				PRODUCT_NAME = "$(TARGET_NAME)";
				SWIFT_VERSION = 3.0;
			};
			name = Debug;
		};
		6514C2DA1DECE9FE00681374 /* Release */ = {
			isa = XCBuildConfiguration;
			buildSettings = {
				ALWAYS_EMBED_SWIFT_STANDARD_LIBRARIES = YES;
				INFOPLIST_FILE = Tests/TwistTests/Info.plist;
				LD_RUNPATH_SEARCH_PATHS = "$(inherited) @executable_path/Frameworks @loader_path/Frameworks";
				PRODUCT_BUNDLE_IDENTIFIER = xyz.crossroadlabs.TwistTests;
				PRODUCT_NAME = "$(TARGET_NAME)";
				SWIFT_VERSION = 3.0;
			};
			name = Release;
		};
		6514C2F11DECEC4200681374 /* Debug */ = {
			isa = XCBuildConfiguration;
			buildSettings = {
				ALWAYS_EMBED_SWIFT_STANDARD_LIBRARIES = YES;
				ASSETCATALOG_COMPILER_APPICON_NAME = AppIcon;
				FRAMEWORK_SEARCH_PATHS = (
					"$(inherited)",
					"$(PROJECT_DIR)/Carthage/Build/iOS",
				);
				INFOPLIST_FILE = TwistExample/Info.plist;
				LD_RUNPATH_SEARCH_PATHS = "$(inherited) @executable_path/Frameworks";
				PRODUCT_BUNDLE_IDENTIFIER = xyz.crossroadlabs.TwistExample;
				PRODUCT_NAME = "$(TARGET_NAME)";
				SWIFT_VERSION = 3.0;
			};
			name = Debug;
		};
		6514C2F21DECEC4200681374 /* Release */ = {
			isa = XCBuildConfiguration;
			buildSettings = {
				ALWAYS_EMBED_SWIFT_STANDARD_LIBRARIES = YES;
				ASSETCATALOG_COMPILER_APPICON_NAME = AppIcon;
				FRAMEWORK_SEARCH_PATHS = (
					"$(inherited)",
					"$(PROJECT_DIR)/Carthage/Build/iOS",
				);
				INFOPLIST_FILE = TwistExample/Info.plist;
				LD_RUNPATH_SEARCH_PATHS = "$(inherited) @executable_path/Frameworks";
				PRODUCT_BUNDLE_IDENTIFIER = xyz.crossroadlabs.TwistExample;
				PRODUCT_NAME = "$(TARGET_NAME)";
				SWIFT_VERSION = 3.0;
			};
			name = Release;
		};
/* End XCBuildConfiguration section */

/* Begin XCConfigurationList section */
		6514C2BB1DECE9FE00681374 /* Build configuration list for PBXProject "Twist" */ = {
			isa = XCConfigurationList;
			buildConfigurations = (
				6514C2D31DECE9FE00681374 /* Debug */,
				6514C2D41DECE9FE00681374 /* Release */,
			);
			defaultConfigurationIsVisible = 0;
			defaultConfigurationName = Release;
		};
		6514C2D51DECE9FE00681374 /* Build configuration list for PBXNativeTarget "Twist-iOS" */ = {
			isa = XCConfigurationList;
			buildConfigurations = (
				6514C2D61DECE9FE00681374 /* Debug */,
				6514C2D71DECE9FE00681374 /* Release */,
			);
			defaultConfigurationIsVisible = 0;
			defaultConfigurationName = Release;
		};
		6514C2D81DECE9FE00681374 /* Build configuration list for PBXNativeTarget "TwistTests-iOS" */ = {
			isa = XCConfigurationList;
			buildConfigurations = (
				6514C2D91DECE9FE00681374 /* Debug */,
				6514C2DA1DECE9FE00681374 /* Release */,
			);
			defaultConfigurationIsVisible = 0;
			defaultConfigurationName = Release;
		};
		6514C2F01DECEC4200681374 /* Build configuration list for PBXNativeTarget "TwistExample-iOS" */ = {
			isa = XCConfigurationList;
			buildConfigurations = (
				6514C2F11DECEC4200681374 /* Debug */,
				6514C2F21DECEC4200681374 /* Release */,
			);
			defaultConfigurationIsVisible = 0;
			defaultConfigurationName = Release;
		};
/* End XCConfigurationList section */
	};
	rootObject = 6514C2B81DECE9FE00681374 /* Project object */;
}
